{
  "name": "social kit",
  "lockfileVersion": 2,
  "requires": true,
  "packages": {
    "": {
      "dependencies": {
        "@georgedoescode/spline": "^1.0.1",
        "simplex-noise": "^3.0.1"
      }
    },
    "node_modules/@georgedoescode/spline": {
      "version": "1.0.1",
      "resolved": "https://registry.npmjs.org/@georgedoescode/spline/-/spline-1.0.1.tgz",
      "integrity": "sha512-TlNv3mkCxNOrbbKBshZbu54Zf9lLh2b7YZdnynDLYnkagTtWt1ERu5+csWnHsA3uCn6P2OmS8MBLGGDLiKxI+A=="
    },
    "node_modules/simplex-noise": {
      "version": "3.0.1",
      "resolved": "https://registry.npmjs.org/simplex-noise/-/simplex-noise-3.0.1.tgz",
      "integrity": "sha512-eww0SFiWLyOaUKQMJ7gbdvQJvULeJdM/Y4BiC3rrOQnYHo+MSPh465/qeXSZkpTdB9/HthumpnYD3DobZweBBQ=="
    }
  },
  "dependencies": {
    "@georgedoescode/spline": {
      "version": "1.0.1",
      "resolved": "https://registry.npmjs.org/@georgedoescode/spline/-/spline-1.0.1.tgz",
      "integrity": "sha512-TlNv3mkCxNOrbbKBshZbu54Zf9lLh2b7YZdnynDLYnkagTtWt1ERu5+csWnHsA3uCn6P2OmS8MBLGGDLiKxI+A=="
    },
    "simplex-noise": {
      "version": "3.0.1",
      "resolved": "https://registry.npmjs.org/simplex-noise/-/simplex-noise-3.0.1.tgz",
      "integrity": "sha512-eww0SFiWLyOaUKQMJ7gbdvQJvULeJdM/Y4BiC3rrOQnYHo+MSPh465/qeXSZkpTdB9/HthumpnYD3DobZweBBQ=="
    }
  }
}
